
Microsoft Visual Studio Solution File, Format Version 12.00
# Visual Studio Version 17
VisualStudioVersion = 17.8.34525.116
MinimumVisualStudioVersion = 10.0.40219.1
Project("{8BC9CEB8-8B4A-11D0-8D11-00A0C91BC942}") = "Proyecto_lab_II", "Proyecto_lab_II.vcxproj", "{577A84A8-43F8-415D-9FCC-2F09AA997347}"
EndProject
Global
	GlobalSection(SolutionConfigurationPlatforms) = preSolution
		Debug|x64 = Debug|x64
		Debug|x86 = Debug|x86
		Release|x64 = Release|x64
		Release|x86 = Release|x86
	EndGlobalSection
	GlobalSection(ProjectConfigurationPlatforms) = postSolution
		{577A84A8-43F8-415D-9FCC-2F09AA997347}.Debug|x64.ActiveCfg = Debug|x64
		{577A84A8-43F8-415D-9FCC-2F09AA997347}.Debug|x64.Build.0 = Debug|x64
		{577A84A8-43F8-415D-9FCC-2F09AA997347}.Debug|x86.ActiveCfg = Debug|Win32
		{577A84A8-43F8-415D-9FCC-2F09AA997347}.Debug|x86.Build.0 = Debug|Win32
		{577A84A8-43F8-415D-9FCC-2F09AA997347}.Release|x64.ActiveCfg = Release|x64
		{577A84A8-43F8-415D-9FCC-2F09AA997347}.Release|x64.Build.0 = Release|x64
		{577A84A8-43F8-415D-9FCC-2F09AA997347}.Release|x86.ActiveCfg = Release|Win32
		{577A84A8-43F8-415D-9FCC-2F09AA997347}.Release|x86.Build.0 = Release|Win32
	EndGlobalSection
	GlobalSection(SolutionProperties) = preSolution
		HideSolutionNode = FALSE
	EndGlobalSection
	GlobalSection(ExtensibilityGlobals) = postSolution
		SolutionGuid = {5F62D07D-A6AE-40AF-A7F3-0923703E4067}
	EndGlobalSection
EndGlobal
